github.com/mattn/go-runewidth v0.0.9 h1:Lm995f3rfxdpd6TSmuVCHVb/QhupuXlYr8sCI/QdE+0=
github.com/mattn/go-runewidth v0.0.9/go.mod h1:H031xJmbD/WCDINGzjvQ9THkh0rPKHF+m2gUSrubnMI=
github.com/olekukonko/tablewriter v0.0.5 h1:P2Ga83D34wi1o9J6Wh1mRuqd4mF/x/lgBS7N7AbDhec=
github.com/olekukonko/tablewriter v0.0.5/go.mod h1:hPp6KlRPjbx+hW8ykQs1w3UBbZlj6HuIJcUGPhkA7kY=
github.com/rh2g17/md-brasilian-alphabet-sort v0.0.0-20220120110707-ac61661ab5c6 h1:Pk2J6vi1tiSFL8iUgWLC2G2utXcQ16dWzzTSxpt4pT4=
github.com/rh2g17/md-brasilian-alphabet-sort v0.0.0-20220120110707-ac61661ab5c6/go.mod h1:TZSXZe2EHis6IEZUHw9pEfpWQmxtKMKqgL0yaAubviQ=
github.com/rh2g17/md-brasilian-alphabet-sort v0.0.0-20220120150915-ff22b5bf2dc8 h1:tyyPTnyLuM2HwMRN6qTiqdrgMMkoiZwh4eXRmNqfzQo=
github.com/rh2g17/md-brasilian-alphabet-sort v0.0.0-20220120150915-ff22b5bf2dc8/go.mod h1:TZSXZe2EHis6IEZUHw9pEfpWQmxtKMKqgL0yaAubviQ=
